
Microsoft Visual Studio Solution File, Format Version 12.00
# Visual Studio Version 17
VisualStudioVersion = 17.8.34330.188
MinimumVisualStudioVersion = 10.0.40219.1
Project("{FAE04EC0-301F-11D3-BF4B-00C04F79EFBC}") = "PR19", "PR19\PR19.csproj", "{FD8E3321-E1FE-4738-A68F-CFA89D4D4640}"
EndProject
Global
	GlobalSection(SolutionConfigurationPlatforms) = preSolution
		Debug|Any CPU = Debug|Any CPU
		Release|Any CPU = Release|Any CPU
	EndGlobalSection
	GlobalSection(ProjectConfigurationPlatforms) = postSolution
		{FD8E3321-E1FE-4738-A68F-CFA89D4D4640}.Debug|Any CPU.ActiveCfg = Debug|Any CPU
		{FD8E3321-E1FE-4738-A68F-CFA89D4D4640}.Debug|Any CPU.Build.0 = Debug|Any CPU
		{FD8E3321-E1FE-4738-A68F-CFA89D4D4640}.Release|Any CPU.ActiveCfg = Release|Any CPU
		{FD8E3321-E1FE-4738-A68F-CFA89D4D4640}.Release|Any CPU.Build.0 = Release|Any CPU
	EndGlobalSection
	GlobalSection(SolutionProperties) = preSolution
		HideSolutionNode = FALSE
	EndGlobalSection
	GlobalSection(ExtensibilityGlobals) = postSolution
		SolutionGuid = {EDE4FC82-099D-4580-9D43-AA0177152D15}
	EndGlobalSection
EndGlobal
